// !$*UTF8*$!
{
	archiveVersion = 1;
	classes = {
	};
	objectVersion = 50;
	objects = {

/* Begin PBXBuildFile section */
		0C65392D263FC0D4002B9F94 /* LandscapeView.storyboard in Resources */ = {isa = PBXBuildFile; fileRef = 0C65392B263FC0D4002B9F94 /* LandscapeView.storyboard */; };
		0C65392F263FC126002B9F94 /* LandscapeViewController.swift in Sources */ = {isa = PBXBuildFile; fileRef = 0C65392E263FC126002B9F94 /* LandscapeViewController.swift */; };
		0C65395D26404DCA002B9F94 /* SearchCollectionViewCell.swift in Sources */ = {isa = PBXBuildFile; fileRef = 0C65395C26404DCA002B9F94 /* SearchCollectionViewCell.swift */; };
		0C65395F26405034002B9F94 /* SearchCollectionCell.xib in Resources */ = {isa = PBXBuildFile; fileRef = 0C65395E26405034002B9F94 /* SearchCollectionCell.xib */; };
		0C79EA5A262F3D7300639099 /* SearchModel.swift in Sources */ = {isa = PBXBuildFile; fileRef = 0C79EA59262F3D7300639099 /* SearchModel.swift */; };
		0C79EA5D262FD78000639099 /* LoadingCell.xib in Resources */ = {isa = PBXBuildFile; fileRef = 0C79EA5C262FD78000639099 /* LoadingCell.xib */; };
		0C79EA60262FD7C100639099 /* LoadingTableViewCell.swift in Sources */ = {isa = PBXBuildFile; fileRef = 0C79EA5F262FD7C100639099 /* LoadingTableViewCell.swift */; };
		0C79EA642631D47400639099 /* DetailViewController.swift in Sources */ = {isa = PBXBuildFile; fileRef = 0C79EA632631D47400639099 /* DetailViewController.swift */; };
		0C7CF7FE262E7C3000D72CD9 /* AppDelegate.swift in Sources */ = {isa = PBXBuildFile; fileRef = 0C7CF7FD262E7C3000D72CD9 /* AppDelegate.swift */; };
		0C7CF800262E7C3000D72CD9 /* SceneDelegate.swift in Sources */ = {isa = PBXBuildFile; fileRef = 0C7CF7FF262E7C3000D72CD9 /* SceneDelegate.swift */; };
		0C7CF802262E7C3000D72CD9 /* SearchViewController.swift in Sources */ = {isa = PBXBuildFile; fileRef = 0C7CF801262E7C3000D72CD9 /* SearchViewController.swift */; };
		0C7CF805262E7C3000D72CD9 /* Main.storyboard in Resources */ = {isa = PBXBuildFile; fileRef = 0C7CF803262E7C3000D72CD9 /* Main.storyboard */; };
		0C7CF807262E7C3700D72CD9 /* Assets.xcassets in Resources */ = {isa = PBXBuildFile; fileRef = 0C7CF806262E7C3700D72CD9 /* Assets.xcassets */; };
		0C7CF80A262E7C3700D72CD9 /* LaunchScreen.storyboard in Resources */ = {isa = PBXBuildFile; fileRef = 0C7CF808262E7C3700D72CD9 /* LaunchScreen.storyboard */; };
		0C7CF814262E8B1500D72CD9 /* SearchResult.swift in Sources */ = {isa = PBXBuildFile; fileRef = 0C7CF813262E8B1500D72CD9 /* SearchResult.swift */; };
		0C7CF81B262EAF3F00D72CD9 /* SearchResultCell.xib in Resources */ = {isa = PBXBuildFile; fileRef = 0C7CF81A262EAF3F00D72CD9 /* SearchResultCell.xib */; };
		0C7CF81E262EB61300D72CD9 /* SearchResultTableViewCell.swift in Sources */ = {isa = PBXBuildFile; fileRef = 0C7CF81D262EB61300D72CD9 /* SearchResultTableViewCell.swift */; };
		0C7CF821262EBA0500D72CD9 /* NothingFoundCell.xib in Resources */ = {isa = PBXBuildFile; fileRef = 0C7CF820262EBA0500D72CD9 /* NothingFoundCell.xib */; };
/* End PBXBuildFile section */

/* Begin PBXFileReference section */
		0C65392C263FC0D4002B9F94 /* Base */ = {isa = PBXFileReference; lastKnownFileType = file.storyboard; name = Base; path = StoreSearch/Base.lproj/LandscapeView.storyboard; sourceTree = "<group>"; };
		0C65392E263FC126002B9F94 /* LandscapeViewController.swift */ = {isa = PBXFileReference; lastKnownFileType = sourcecode.swift; path = LandscapeViewController.swift; sourceTree = "<group>"; };
		0C65395C26404DCA002B9F94 /* SearchCollectionViewCell.swift */ = {isa = PBXFileReference; lastKnownFileType = sourcecode.swift; path = SearchCollectionViewCell.swift; sourceTree = SOURCE_ROOT; };
		0C65395E26405034002B9F94 /* SearchCollectionCell.xib */ = {isa = PBXFileReference; lastKnownFileType = file.xib; path = SearchCollectionCell.xib; sourceTree = "<group>"; };
		0C79EA59262F3D7300639099 /* SearchModel.swift */ = {isa = PBXFileReference; lastKnownFileType = sourcecode.swift; path = SearchModel.swift; sourceTree = "<group>"; };
		0C79EA5C262FD78000639099 /* LoadingCell.xib */ = {isa = PBXFileReference; lastKnownFileType = file.xib; name = LoadingCell.xib; path = StoreSearch/Storyboard/LoadingCell.xib; sourceTree = SOURCE_ROOT; };
		0C79EA5F262FD7C100639099 /* LoadingTableViewCell.swift */ = {isa = PBXFileReference; lastKnownFileType = sourcecode.swift; path = LoadingTableViewCell.swift; sourceTree = "<group>"; };
		0C79EA632631D47400639099 /* DetailViewController.swift */ = {isa = PBXFileReference; lastKnownFileType = sourcecode.swift; path = DetailViewController.swift; sourceTree = "<group>"; };
		0C7CF7FA262E7C3000D72CD9 /* StoreSearch.app */ = {isa = PBXFileReference; explicitFileType = wrapper.application; includeInIndex = 0; path = StoreSearch.app; sourceTree = BUILT_PRODUCTS_DIR; };
		0C7CF7FD262E7C3000D72CD9 /* AppDelegate.swift */ = {isa = PBXFileReference; lastKnownFileType = sourcecode.swift; path = AppDelegate.swift; sourceTree = "<group>"; };
		0C7CF7FF262E7C3000D72CD9 /* SceneDelegate.swift */ = {isa = PBXFileReference; lastKnownFileType = sourcecode.swift; path = SceneDelegate.swift; sourceTree = "<group>"; };
		0C7CF801262E7C3000D72CD9 /* SearchViewController.swift */ = {isa = PBXFileReference; lastKnownFileType = sourcecode.swift; path = SearchViewController.swift; sourceTree = "<group>"; };
		0C7CF804262E7C3000D72CD9 /* Base */ = {isa = PBXFileReference; lastKnownFileType = file.storyboard; name = Base; path = Base.lproj/Main.storyboard; sourceTree = "<group>"; };
		0C7CF806262E7C3700D72CD9 /* Assets.xcassets */ = {isa = PBXFileReference; lastKnownFileType = folder.assetcatalog; path = Assets.xcassets; sourceTree = "<group>"; };
		0C7CF809262E7C3700D72CD9 /* Base */ = {isa = PBXFileReference; lastKnownFileType = file.storyboard; name = Base; path = Base.lproj/LaunchScreen.storyboard; sourceTree = "<group>"; };
		0C7CF80B262E7C3700D72CD9 /* Info.plist */ = {isa = PBXFileReference; lastKnownFileType = text.plist.xml; path = Info.plist; sourceTree = "<group>"; };
		0C7CF813262E8B1500D72CD9 /* SearchResult.swift */ = {isa = PBXFileReference; lastKnownFileType = sourcecode.swift; name = SearchResult.swift; path = StoreSearch/Model/SearchResult.swift; sourceTree = SOURCE_ROOT; };
		0C7CF81A262EAF3F00D72CD9 /* SearchResultCell.xib */ = {isa = PBXFileReference; lastKnownFileType = file.xib; path = SearchResultCell.xib; sourceTree = "<group>"; };
		0C7CF81D262EB61300D72CD9 /* SearchResultTableViewCell.swift */ = {isa = PBXFileReference; lastKnownFileType = sourcecode.swift; path = SearchResultTableViewCell.swift; sourceTree = "<group>"; };
		0C7CF820262EBA0500D72CD9 /* NothingFoundCell.xib */ = {isa = PBXFileReference; lastKnownFileType = file.xib; path = NothingFoundCell.xib; sourceTree = "<group>"; };
/* End PBXFileReference section */

/* Begin PBXFrameworksBuildPhase section */
		0C7CF7F7262E7C3000D72CD9 /* Frameworks */ = {
			isa = PBXFrameworksBuildPhase;
			buildActionMask = 2147483647;
			files = (
			);
			runOnlyForDeploymentPostprocessing = 0;
		};
/* End PBXFrameworksBuildPhase section */

/* Begin PBXGroup section */
		0C653930264029FF002B9F94 /* View Controller */ = {
			isa = PBXGroup;
			children = (
				0C65392E263FC126002B9F94 /* LandscapeViewController.swift */,
				0C7CF801262E7C3000D72CD9 /* SearchViewController.swift */,
				0C79EA632631D47400639099 /* DetailViewController.swift */,
			);
			path = "View Controller";
			sourceTree = "<group>";
		};
		0C65393126402A0C002B9F94 /* Storyboard */ = {
			isa = PBXGroup;
			children = (
				0C65395E26405034002B9F94 /* SearchCollectionCell.xib */,
				0C65392B263FC0D4002B9F94 /* LandscapeView.storyboard */,
				0C7CF803262E7C3000D72CD9 /* Main.storyboard */,
				0C7CF808262E7C3700D72CD9 /* LaunchScreen.storyboard */,
				0C79EA5C262FD78000639099 /* LoadingCell.xib */,
				0C7CF820262EBA0500D72CD9 /* NothingFoundCell.xib */,
				0C7CF81A262EAF3F00D72CD9 /* SearchResultCell.xib */,
			);
			path = Storyboard;
			sourceTree = "<group>";
		};
		0C65393226402A24002B9F94 /* View */ = {
			isa = PBXGroup;
			children = (
				0C65395C26404DCA002B9F94 /* SearchCollectionViewCell.swift */,
				0C79EA5F262FD7C100639099 /* LoadingTableViewCell.swift */,
				0C7CF81D262EB61300D72CD9 /* SearchResultTableViewCell.swift */,
			);
			path = View;
			sourceTree = "<group>";
		};
		0C65393326402A5E002B9F94 /* Model */ = {
			isa = PBXGroup;
			children = (
				0C7CF813262E8B1500D72CD9 /* SearchResult.swift */,
				0C79EA59262F3D7300639099 /* SearchModel.swift */,
			);
			path = Model;
			sourceTree = "<group>";
		};
		0C7CF7F1262E7C3000D72CD9 = {
			isa = PBXGroup;
			children = (
				0C7CF7FC262E7C3000D72CD9 /* StoreSearch */,
				0C7CF7FB262E7C3000D72CD9 /* Products */,
			);
			sourceTree = "<group>";
		};
		0C7CF7FB262E7C3000D72CD9 /* Products */ = {
			isa = PBXGroup;
			children = (
				0C7CF7FA262E7C3000D72CD9 /* StoreSearch.app */,
			);
			name = Products;
			sourceTree = "<group>";
		};
		0C7CF7FC262E7C3000D72CD9 /* StoreSearch */ = {
			isa = PBXGroup;
			children = (
				0C65393326402A5E002B9F94 /* Model */,
				0C65393226402A24002B9F94 /* View */,
				0C65393126402A0C002B9F94 /* Storyboard */,
				0C653930264029FF002B9F94 /* View Controller */,
				0C7CF7FD262E7C3000D72CD9 /* AppDelegate.swift */,
				0C7CF7FF262E7C3000D72CD9 /* SceneDelegate.swift */,
				0C7CF806262E7C3700D72CD9 /* Assets.xcassets */,
				0C7CF80B262E7C3700D72CD9 /* Info.plist */,
			);
			path = StoreSearch;
			sourceTree = "<group>";
		};
/* End PBXGroup section */

/* Begin PBXNativeTarget section */
		0C7CF7F9262E7C3000D72CD9 /* StoreSearch */ = {
			isa = PBXNativeTarget;
			buildConfigurationList = 0C7CF80E262E7C3700D72CD9 /* Build configuration list for PBXNativeTarget "StoreSearch" */;
			buildPhases = (
				0C7CF7F6262E7C3000D72CD9 /* Sources */,
				0C7CF7F7262E7C3000D72CD9 /* Frameworks */,
				0C7CF7F8262E7C3000D72CD9 /* Resources */,
			);
			buildRules = (
			);
			dependencies = (
			);
			name = StoreSearch;
			productName = StoreSearch;
			productReference = 0C7CF7FA262E7C3000D72CD9 /* StoreSearch.app */;
			productType = "com.apple.product-type.application";
		};
/* End PBXNativeTarget section */

/* Begin PBXProject section */
		0C7CF7F2262E7C3000D72CD9 /* Project object */ = {
			isa = PBXProject;
			attributes = {
				LastSwiftUpdateCheck = 1240;
				LastUpgradeCheck = 1240;
				TargetAttributes = {
					0C7CF7F9262E7C3000D72CD9 = {
						CreatedOnToolsVersion = 12.4;
					};
				};
			};
			buildConfigurationList = 0C7CF7F5262E7C3000D72CD9 /* Build configuration list for PBXProject "StoreSearch" */;
			compatibilityVersion = "Xcode 9.3";
			developmentRegion = en;
			hasScannedForEncodings = 0;
			knownRegions = (
				en,
				Base,
			);
			mainGroup = 0C7CF7F1262E7C3000D72CD9;
			productRefGroup = 0C7CF7FB262E7C3000D72CD9 /* Products */;
			projectDirPath = "";
			projectRoot = "";
			targets = (
				0C7CF7F9262E7C3000D72CD9 /* StoreSearch */,
			);
		};
/* End PBXProject section */

/* Begin PBXResourcesBuildPhase section */
		0C7CF7F8262E7C3000D72CD9 /* Resources */ = {
			isa = PBXResourcesBuildPhase;
			buildActionMask = 2147483647;
			files = (
				0C7CF80A262E7C3700D72CD9 /* LaunchScreen.storyboard in Resources */,
				0C7CF807262E7C3700D72CD9 /* Assets.xcassets in Resources */,
				0C79EA5D262FD78000639099 /* LoadingCell.xib in Resources */,
				0C65395F26405034002B9F94 /* SearchCollectionCell.xib in Resources */,
				0C7CF81B262EAF3F00D72CD9 /* SearchResultCell.xib in Resources */,
				0C65392D263FC0D4002B9F94 /* LandscapeView.storyboard in Resources */,
				0C7CF821262EBA0500D72CD9 /* NothingFoundCell.xib in Resources */,
				0C7CF805262E7C3000D72CD9 /* Main.storyboard in Resources */,
			);
			runOnlyForDeploymentPostprocessing = 0;
		};
/* End PBXResourcesBuildPhase section */

/* Begin PBXSourcesBuildPhase section */
		0C7CF7F6262E7C3000D72CD9 /* Sources */ = {
			isa = PBXSourcesBuildPhase;
			buildActionMask = 2147483647;
			files = (
				0C7CF802262E7C3000D72CD9 /* SearchViewController.swift in Sources */,
				0C65392F263FC126002B9F94 /* LandscapeViewController.swift in Sources */,
				0C7CF81E262EB61300D72CD9 /* SearchResultTableViewCell.swift in Sources */,
				0C7CF7FE262E7C3000D72CD9 /* AppDelegate.swift in Sources */,
				0C65395D26404DCA002B9F94 /* SearchCollectionViewCell.swift in Sources */,
				0C79EA60262FD7C100639099 /* LoadingTableViewCell.swift in Sources */,
				0C79EA5A262F3D7300639099 /* SearchModel.swift in Sources */,
				0C7CF814262E8B1500D72CD9 /* SearchResult.swift in Sources */,
				0C7CF800262E7C3000D72CD9 /* SceneDelegate.swift in Sources */,
				0C79EA642631D47400639099 /* DetailViewController.swift in Sources */,
			);
			runOnlyForDeploymentPostprocessing = 0;
		};
/* End PBXSourcesBuildPhase section */

/* Begin PBXVariantGroup section */
		0C65392B263FC0D4002B9F94 /* LandscapeView.storyboard */ = {
			isa = PBXVariantGroup;
			children = (
				0C65392C263FC0D4002B9F94 /* Base */,
			);
			name = LandscapeView.storyboard;
			sourceTree = "<group>";
		};
		0C7CF803262E7C3000D72CD9 /* Main.storyboard */ = {
			isa = PBXVariantGroup;
			children = (
				0C7CF804262E7C3000D72CD9 /* Base */,
			);
			name = Main.storyboard;
			sourceTree = "<group>";
		};
		0C7CF808262E7C3700D72CD9 /* LaunchScreen.storyboard */ = {
			isa = PBXVariantGroup;
			children = (
				0C7CF809262E7C3700D72CD9 /* Base */,
			);
			name = LaunchScreen.storyboard;
			sourceTree = "<group>";
		};
/* End PBXVariantGroup section */

/* Begin XCBuildConfiguration section */
		0C7CF80C262E7C3700D72CD9 /* Debug */ = {
			isa = XCBuildConfiguration;
			buildSettings = {
				ALWAYS_SEARCH_USER_PATHS = NO;
				CLANG_ANALYZER_NONNULL = YES;
				CLANG_ANALYZER_NUMBER_OBJECT_CONVERSION = YES_AGGRESSIVE;
				CLANG_CXX_LANGUAGE_STANDARD = "gnu++14";
				CLANG_CXX_LIBRARY = "libc++";
				CLANG_ENABLE_MODULES = YES;
				CLANG_ENABLE_OBJC_ARC = YES;
				CLANG_ENABLE_OBJC_WEAK = YES;
				CLANG_WARN_BLOCK_CAPTURE_AUTORELEASING = YES;
				CLANG_WARN_BOOL_CONVERSION = YES;
				CLANG_WARN_COMMA = YES;
				CLANG_WARN_CONSTANT_CONVERSION = YES;
				CLANG_WARN_DEPRECATED_OBJC_IMPLEMENTATIONS = YES;
				CLANG_WARN_DIRECT_OBJC_ISA_USAGE = YES_ERROR;
				CLANG_WARN_DOCUMENTATION_COMMENTS = YES;
				CLANG_WARN_EMPTY_BODY = YES;
				CLANG_WARN_ENUM_CONVERSION = YES;
				CLANG_WARN_INFINITE_RECURSION = YES;
				CLANG_WARN_INT_CONVERSION = YES;
				CLANG_WARN_NON_LITERAL_NULL_CONVERSION = YES;
				CLANG_WARN_OBJC_IMPLICIT_RETAIN_SELF = YES;
				CLANG_WARN_OBJC_LITERAL_CONVERSION = YES;
				CLANG_WARN_OBJC_ROOT_CLASS = YES_ERROR;
				CLANG_WARN_QUOTED_INCLUDE_IN_FRAMEWORK_HEADER = YES;
				CLANG_WARN_RANGE_LOOP_ANALYSIS = YES;
				CLANG_WARN_STRICT_PROTOTYPES = YES;
				CLANG_WARN_SUSPICIOUS_MOVE = YES;
				CLANG_WARN_UNGUARDED_AVAILABILITY = YES_AGGRESSIVE;
				CLANG_WARN_UNREACHABLE_CODE = YES;
				CLANG_WARN__DUPLICATE_METHOD_MATCH = YES;
				COPY_PHASE_STRIP = NO;
				DEBUG_INFORMATION_FORMAT = dwarf;
				ENABLE_STRICT_OBJC_MSGSEND = YES;
				ENABLE_TESTABILITY = YES;
				GCC_C_LANGUAGE_STANDARD = gnu11;
				GCC_DYNAMIC_NO_PIC = NO;
				GCC_NO_COMMON_BLOCKS = YES;
				GCC_OPTIMIZATION_LEVEL = 0;
				GCC_PREPROCESSOR_DEFINITIONS = (
					"DEBUG=1",
					"$(inherited)",
				);
				GCC_WARN_64_TO_32_BIT_CONVERSION = YES;
				GCC_WARN_ABOUT_RETURN_TYPE = YES_ERROR;
				GCC_WARN_UNDECLARED_SELECTOR = YES;
				GCC_WARN_UNINITIALIZED_AUTOS = YES_AGGRESSIVE;
				GCC_WARN_UNUSED_FUNCTION = YES;
				GCC_WARN_UNUSED_VARIABLE = YES;
				IPHONEOS_DEPLOYMENT_TARGET = 14.4;
				MTL_ENABLE_DEBUG_INFO = INCLUDE_SOURCE;
				MTL_FAST_MATH = YES;
				ONLY_ACTIVE_ARCH = YES;
				SDKROOT = iphoneos;
				SWIFT_ACTIVE_COMPILATION_CONDITIONS = DEBUG;
				SWIFT_OPTIMIZATION_LEVEL = "-Onone";
			};
			name = Debug;
		};
		0C7CF80D262E7C3700D72CD9 /* Release */ = {
			isa = XCBuildConfiguration;
			buildSettings = {
				ALWAYS_SEARCH_USER_PATHS = NO;
				CLANG_ANALYZER_NONNULL = YES;
				CLANG_ANALYZER_NUMBER_OBJECT_CONVERSION = YES_AGGRESSIVE;
				CLANG_CXX_LANGUAGE_STANDARD = "gnu++14";
				CLANG_CXX_LIBRARY = "libc++";
				CLANG_ENABLE_MODULES = YES;
				CLANG_ENABLE_OBJC_ARC = YES;
				CLANG_ENABLE_OBJC_WEAK = YES;
				CLANG_WARN_BLOCK_CAPTURE_AUTORELEASING = YES;
				CLANG_WARN_BOOL_CONVERSION = YES;
				CLANG_WARN_COMMA = YES;
				CLANG_WARN_CONSTANT_CONVERSION = YES;
				CLANG_WARN_DEPRECATED_OBJC_IMPLEMENTATIONS = YES;
				CLANG_WARN_DIRECT_OBJC_ISA_USAGE = YES_ERROR;
				CLANG_WARN_DOCUMENTATION_COMMENTS = YES;
				CLANG_WARN_EMPTY_BODY = YES;
				CLANG_WARN_ENUM_CONVERSION = YES;
				CLANG_WARN_INFINITE_RECURSION = YES;
				CLANG_WARN_INT_CONVERSION = YES;
				CLANG_WARN_NON_LITERAL_NULL_CONVERSION = YES;
				CLANG_WARN_OBJC_IMPLICIT_RETAIN_SELF = YES;
				CLANG_WARN_OBJC_LITERAL_CONVERSION = YES;
				CLANG_WARN_OBJC_ROOT_CLASS = YES_ERROR;
				CLANG_WARN_QUOTED_INCLUDE_IN_FRAMEWORK_HEADER = YES;
				CLANG_WARN_RANGE_LOOP_ANALYSIS = YES;
				CLANG_WARN_STRICT_PROTOTYPES = YES;
				CLANG_WARN_SUSPICIOUS_MOVE = YES;
				CLANG_WARN_UNGUARDED_AVAILABILITY = YES_AGGRESSIVE;
				CLANG_WARN_UNREACHABLE_CODE = YES;
				CLANG_WARN__DUPLICATE_METHOD_MATCH = YES;
				COPY_PHASE_STRIP = NO;
				DEBUG_INFORMATION_FORMAT = "dwarf-with-dsym";
				ENABLE_NS_ASSERTIONS = NO;
				ENABLE_STRICT_OBJC_MSGSEND = YES;
				GCC_C_LANGUAGE_STANDARD = gnu11;
				GCC_NO_COMMON_BLOCKS = YES;
				GCC_WARN_64_TO_32_BIT_CONVERSION = YES;
				GCC_WARN_ABOUT_RETURN_TYPE = YES_ERROR;
				GCC_WARN_UNDECLARED_SELECTOR = YES;
				GCC_WARN_UNINITIALIZED_AUTOS = YES_AGGRESSIVE;
				GCC_WARN_UNUSED_FUNCTION = YES;
				GCC_WARN_UNUSED_VARIABLE = YES;
				IPHONEOS_DEPLOYMENT_TARGET = 14.4;
				MTL_ENABLE_DEBUG_INFO = NO;
				MTL_FAST_MATH = YES;
				SDKROOT = iphoneos;
				SWIFT_COMPILATION_MODE = wholemodule;
				SWIFT_OPTIMIZATION_LEVEL = "-O";
				VALIDATE_PRODUCT = YES;
			};
			name = Release;
		};
		0C7CF80F262E7C3700D72CD9 /* Debug */ = {
			isa = XCBuildConfiguration;
			buildSettings = {
				ASSETCATALOG_COMPILER_APPICON_NAME = AppIcon;
				ASSETCATALOG_COMPILER_GLOBAL_ACCENT_COLOR_NAME = AccentColor;
				CODE_SIGN_STYLE = Automatic;
				DEVELOPMENT_TEAM = WB4WFC3NY4;
				INFOPLIST_FILE = StoreSearch/Info.plist;
				LD_RUNPATH_SEARCH_PATHS = (
					"$(inherited)",
					"@executable_path/Frameworks",
				);
				PRODUCT_BUNDLE_IDENTIFIER = com.gilbertwang.StoreSearch;
				PRODUCT_NAME = "$(TARGET_NAME)";
				SWIFT_VERSION = 5.0;
				TARGETED_DEVICE_FAMILY = "1,2";
			};
			name = Debug;
		};
		0C7CF810262E7C3700D72CD9 /* Release */ = {
			isa = XCBuildConfiguration;
			buildSettings = {
				ASSETCATALOG_COMPILER_APPICON_NAME = AppIcon;
				ASSETCATALOG_COMPILER_GLOBAL_ACCENT_COLOR_NAME = AccentColor;
				CODE_SIGN_STYLE = Automatic;
				DEVELOPMENT_TEAM = WB4WFC3NY4;
				INFOPLIST_FILE = StoreSearch/Info.plist;
				LD_RUNPATH_SEARCH_PATHS = (
					"$(inherited)",
					"@executable_path/Frameworks",
				);
				PRODUCT_BUNDLE_IDENTIFIER = com.gilbertwang.StoreSearch;
				PRODUCT_NAME = "$(TARGET_NAME)";
				SWIFT_VERSION = 5.0;
				TARGETED_DEVICE_FAMILY = "1,2";
			};
			name = Release;
		};
/* End XCBuildConfiguration section */

/* Begin XCConfigurationList section */
		0C7CF7F5262E7C3000D72CD9 /* Build configuration list for PBXProject "StoreSearch" */ = {
			isa = XCConfigurationList;
			buildConfigurations = (
				0C7CF80C262E7C3700D72CD9 /* Debug */,
				0C7CF80D262E7C3700D72CD9 /* Release */,
			);
			defaultConfigurationIsVisible = 0;
			defaultConfigurationName = Release;
		};
		0C7CF80E262E7C3700D72CD9 /* Build configuration list for PBXNativeTarget "StoreSearch" */ = {
			isa = XCConfigurationList;
			buildConfigurations = (
				0C7CF80F262E7C3700D72CD9 /* Debug */,
				0C7CF810262E7C3700D72CD9 /* Release */,
			);
			defaultConfigurationIsVisible = 0;
			defaultConfigurationName = Release;
		};
/* End XCConfigurationList section */
	};
	rootObject = 0C7CF7F2262E7C3000D72CD9 /* Project object */;
}
